
Microsoft Visual Studio Solution File, Format Version 11.00
# Visual C# Express 2010
Project("{FAE04EC0-301F-11D3-BF4B-00C04F79EFBC}") = "RunMan", "RunMan\RunMan\RunMan.csproj", "{664ABC03-8A87-4D63-8158-93394A48DB9D}"
EndProject
Project("{96E2B04D-8817-42C6-938A-82C39BA4D311}") = "RunManContent", "RunMan\RunManContent\RunManContent.contentproj", "{8A1ED40E-7595-418F-A0A1-04A7493D76DD}"
EndProject
Global
	GlobalSection(SolutionConfigurationPlatforms) = preSolution
		Debug|x86 = Debug|x86
		Release|x86 = Release|x86
	EndGlobalSection
	GlobalSection(ProjectConfigurationPlatforms) = postSolution
		{664ABC03-8A87-4D63-8158-93394A48DB9D}.Debug|x86.ActiveCfg = Debug|x86
		{664ABC03-8A87-4D63-8158-93394A48DB9D}.Debug|x86.Build.0 = Debug|x86
		{664ABC03-8A87-4D63-8158-93394A48DB9D}.Release|x86.ActiveCfg = Release|x86
		{664ABC03-8A87-4D63-8158-93394A48DB9D}.Release|x86.Build.0 = Release|x86
		{8A1ED40E-7595-418F-A0A1-04A7493D76DD}.Debug|x86.ActiveCfg = Debug|x86
		{8A1ED40E-7595-418F-A0A1-04A7493D76DD}.Release|x86.ActiveCfg = Release|x86
	EndGlobalSection
	GlobalSection(SolutionProperties) = preSolution
		HideSolutionNode = FALSE
	EndGlobalSection
EndGlobal
